// !$*UTF8*$!
{
	archiveVersion = 1;
	classes = {
	};
	objectVersion = 46;
	objects = {

/* Begin PBXBuildFile section */
		B5BA36C01E1FEE1B0094EF95 /* main.m in Sources */ = {isa = PBXBuildFile; fileRef = B5BA36BF1E1FEE1B0094EF95 /* main.m */; };
		B5BA36C31E1FEE1B0094EF95 /* AppDelegate.m in Sources */ = {isa = PBXBuildFile; fileRef = B5BA36C21E1FEE1B0094EF95 /* AppDelegate.m */; };
		B5BA36C61E1FEE1B0094EF95 /* ViewController.m in Sources */ = {isa = PBXBuildFile; fileRef = B5BA36C51E1FEE1B0094EF95 /* ViewController.m */; };
		B5BA36C91E1FEE1B0094EF95 /* Main.storyboard in Resources */ = {isa = PBXBuildFile; fileRef = B5BA36C71E1FEE1B0094EF95 /* Main.storyboard */; };
		B5BA36CB1E1FEE1B0094EF95 /* Assets.xcassets in Resources */ = {isa = PBXBuildFile; fileRef = B5BA36CA1E1FEE1B0094EF95 /* Assets.xcassets */; };
		B5BA36CE1E1FEE1B0094EF95 /* LaunchScreen.storyboard in Resources */ = {isa = PBXBuildFile; fileRef = B5BA36CC1E1FEE1B0094EF95 /* LaunchScreen.storyboard */; };
		B5BA36D71E1FEF720094EF95 /* MapKit.framework in Frameworks */ = {isa = PBXBuildFile; fileRef = B5BA36D61E1FEF720094EF95 /* MapKit.framework */; };
/* End PBXBuildFile section */

/* Begin PBXFileReference section */
		B5BA36BB1E1FEE1B0094EF95 /* bus-mapping.app */ = {isa = PBXFileReference; explicitFileType = wrapper.application; includeInIndex = 0; path = "bus-mapping.app"; sourceTree = BUILT_PRODUCTS_DIR; };
		B5BA36BF1E1FEE1B0094EF95 /* main.m */ = {isa = PBXFileReference; lastKnownFileType = sourcecode.c.objc; path = main.m; sourceTree = "<group>"; };
		B5BA36C11E1FEE1B0094EF95 /* AppDelegate.h */ = {isa = PBXFileReference; lastKnownFileType = sourcecode.c.h; path = AppDelegate.h; sourceTree = "<group>"; };
		B5BA36C21E1FEE1B0094EF95 /* AppDelegate.m */ = {isa = PBXFileReference; lastKnownFileType = sourcecode.c.objc; path = AppDelegate.m; sourceTree = "<group>"; };
		B5BA36C41E1FEE1B0094EF95 /* ViewController.h */ = {isa = PBXFileReference; lastKnownFileType = sourcecode.c.h; path = ViewController.h; sourceTree = "<group>"; };
		B5BA36C51E1FEE1B0094EF95 /* ViewController.m */ = {isa = PBXFileReference; lastKnownFileType = sourcecode.c.objc; path = ViewController.m; sourceTree = "<group>"; };
		B5BA36C81E1FEE1B0094EF95 /* Base */ = {isa = PBXFileReference; lastKnownFileType = file.storyboard; name = Base; path = Base.lproj/Main.storyboard; sourceTree = "<group>"; };
		B5BA36CA1E1FEE1B0094EF95 /* Assets.xcassets */ = {isa = PBXFileReference; lastKnownFileType = folder.assetcatalog; path = Assets.xcassets; sourceTree = "<group>"; };
		B5BA36CD1E1FEE1B0094EF95 /* Base */ = {isa = PBXFileReference; lastKnownFileType = file.storyboard; name = Base; path = Base.lproj/LaunchScreen.storyboard; sourceTree = "<group>"; };
		B5BA36CF1E1FEE1B0094EF95 /* Info.plist */ = {isa = PBXFileReference; lastKnownFileType = text.plist.xml; path = Info.plist; sourceTree = "<group>"; };
		B5BA36D61E1FEF720094EF95 /* MapKit.framework */ = {isa = PBXFileReference; lastKnownFileType = wrapper.framework; name = MapKit.framework; path = System/Library/Frameworks/MapKit.framework; sourceTree = SDKROOT; };
/* End PBXFileReference section */

/* Begin PBXFrameworksBuildPhase section */
		B5BA36B81E1FEE1B0094EF95 /* Frameworks */ = {
			isa = PBXFrameworksBuildPhase;
			buildActionMask = 2147483647;
			files = (
				B5BA36D71E1FEF720094EF95 /* MapKit.framework in Frameworks */,
			);
			runOnlyForDeploymentPostprocessing = 0;
		};
/* End PBXFrameworksBuildPhase section */

/* Begin PBXGroup section */
		B5BA36B21E1FEE1B0094EF95 = {
			isa = PBXGroup;
			children = (
				B5BA36BD1E1FEE1B0094EF95 /* bus-mapping */,
				B5BA36BC1E1FEE1B0094EF95 /* Products */,
				B5BA36D51E1FEF720094EF95 /* Frameworks */,
			);
			sourceTree = "<group>";
		};
		B5BA36BC1E1FEE1B0094EF95 /* Products */ = {
			isa = PBXGroup;
			children = (
				B5BA36BB1E1FEE1B0094EF95 /* bus-mapping.app */,
			);
			name = Products;
			sourceTree = "<group>";
		};
		B5BA36BD1E1FEE1B0094EF95 /* bus-mapping */ = {
			isa = PBXGroup;
			children = (
				B5BA36C11E1FEE1B0094EF95 /* AppDelegate.h */,
				B5BA36C21E1FEE1B0094EF95 /* AppDelegate.m */,
				B5BA36C41E1FEE1B0094EF95 /* ViewController.h */,
				B5BA36C51E1FEE1B0094EF95 /* ViewController.m */,
				B5BA36C71E1FEE1B0094EF95 /* Main.storyboard */,
				B5BA36CA1E1FEE1B0094EF95 /* Assets.xcassets */,
				B5BA36CC1E1FEE1B0094EF95 /* LaunchScreen.storyboard */,
				B5BA36CF1E1FEE1B0094EF95 /* Info.plist */,
				B5BA36BE1E1FEE1B0094EF95 /* Supporting Files */,
			);
			path = "bus-mapping";
			sourceTree = "<group>";
		};
		B5BA36BE1E1FEE1B0094EF95 /* Supporting Files */ = {
			isa = PBXGroup;
			children = (
				B5BA36BF1E1FEE1B0094EF95 /* main.m */,
			);
			name = "Supporting Files";
			sourceTree = "<group>";
		};
		B5BA36D51E1FEF720094EF95 /* Frameworks */ = {
			isa = PBXGroup;
			children = (
				B5BA36D61E1FEF720094EF95 /* MapKit.framework */,
			);
			name = Frameworks;
			sourceTree = "<group>";
		};
/* End PBXGroup section */

/* Begin PBXNativeTarget section */
		B5BA36BA1E1FEE1B0094EF95 /* bus-mapping */ = {
			isa = PBXNativeTarget;
			buildConfigurationList = B5BA36D21E1FEE1B0094EF95 /* Build configuration list for PBXNativeTarget "bus-mapping" */;
			buildPhases = (
				B5BA36B71E1FEE1B0094EF95 /* Sources */,
				B5BA36B81E1FEE1B0094EF95 /* Frameworks */,
				B5BA36B91E1FEE1B0094EF95 /* Resources */,
			);
			buildRules = (
			);
			dependencies = (
			);
			name = "bus-mapping";
			productName = "bus-mapping";
			productReference = B5BA36BB1E1FEE1B0094EF95 /* bus-mapping.app */;
			productType = "com.apple.product-type.application";
		};
/* End PBXNativeTarget section */

/* Begin PBXProject section */
		B5BA36B31E1FEE1B0094EF95 /* Project object */ = {
			isa = PBXProject;
			attributes = {
				LastUpgradeCheck = 0820;
				ORGANIZATIONNAME = "Team Red, LLC";
				TargetAttributes = {
					B5BA36BA1E1FEE1B0094EF95 = {
						CreatedOnToolsVersion = 8.2.1;
						DevelopmentTeam = 7EQEQB7P2L;
						ProvisioningStyle = Automatic;
						SystemCapabilities = {
							com.apple.Maps.iOS = {
								enabled = 1;
							};
						};
					};
				};
			};
			buildConfigurationList = B5BA36B61E1FEE1B0094EF95 /* Build configuration list for PBXProject "bus-mapping" */;
			compatibilityVersion = "Xcode 3.2";
			developmentRegion = English;
			hasScannedForEncodings = 0;
			knownRegions = (
				en,
				Base,
			);
			mainGroup = B5BA36B21E1FEE1B0094EF95;
			productRefGroup = B5BA36BC1E1FEE1B0094EF95 /* Products */;
			projectDirPath = "";
			projectRoot = "";
			targets = (
				B5BA36BA1E1FEE1B0094EF95 /* bus-mapping */,
			);
		};
/* End PBXProject section */

/* Begin PBXResourcesBuildPhase section */
		B5BA36B91E1FEE1B0094EF95 /* Resources */ = {
			isa = PBXResourcesBuildPhase;
			buildActionMask = 2147483647;
			files = (
				B5BA36CE1E1FEE1B0094EF95 /* LaunchScreen.storyboard in Resources */,
				B5BA36CB1E1FEE1B0094EF95 /* Assets.xcassets in Resources */,
				B5BA36C91E1FEE1B0094EF95 /* Main.storyboard in Resources */,
			);
			runOnlyForDeploymentPostprocessing = 0;
		};
/* End PBXResourcesBuildPhase section */

/* Begin PBXSourcesBuildPhase section */
		B5BA36B71E1FEE1B0094EF95 /* Sources */ = {
			isa = PBXSourcesBuildPhase;
			buildActionMask = 2147483647;
			files = (
				B5BA36C61E1FEE1B0094EF95 /* ViewController.m in Sources */,
				B5BA36C31E1FEE1B0094EF95 /* AppDelegate.m in Sources */,
				B5BA36C01E1FEE1B0094EF95 /* main.m in Sources */,
			);
			runOnlyForDeploymentPostprocessing = 0;
		};
/* End PBXSourcesBuildPhase section */

/* Begin PBXVariantGroup section */
		B5BA36C71E1FEE1B0094EF95 /* Main.storyboard */ = {
			isa = PBXVariantGroup;
			children = (
				B5BA36C81E1FEE1B0094EF95 /* Base */,
			);
			name = Main.storyboard;
			sourceTree = "<group>";
		};
		B5BA36CC1E1FEE1B0094EF95 /* LaunchScreen.storyboard */ = {
			isa = PBXVariantGroup;
			children = (
				B5BA36CD1E1FEE1B0094EF95 /* Base */,
			);
			name = LaunchScreen.storyboard;
			sourceTree = "<group>";
		};
/* End PBXVariantGroup section */

/* Begin XCBuildConfiguration section */
		B5BA36D01E1FEE1B0094EF95 /* Debug */ = {
			isa = XCBuildConfiguration;
			buildSettings = {
				ALWAYS_SEARCH_USER_PATHS = NO;
				CLANG_ANALYZER_NONNULL = YES;
				CLANG_CXX_LANGUAGE_STANDARD = "gnu++0x";
				CLANG_CXX_LIBRARY = "libc++";
				CLANG_ENABLE_MODULES = YES;
				CLANG_ENABLE_OBJC_ARC = YES;
				CLANG_WARN_BOOL_CONVERSION = YES;
				CLANG_WARN_CONSTANT_CONVERSION = YES;
				CLANG_WARN_DIRECT_OBJC_ISA_USAGE = YES_ERROR;
				CLANG_WARN_DOCUMENTATION_COMMENTS = YES;
				CLANG_WARN_EMPTY_BODY = YES;
				CLANG_WARN_ENUM_CONVERSION = YES;
				CLANG_WARN_INFINITE_RECURSION = YES;
				CLANG_WARN_INT_CONVERSION = YES;
				CLANG_WARN_OBJC_ROOT_CLASS = YES_ERROR;
				CLANG_WARN_SUSPICIOUS_MOVE = YES;
				CLANG_WARN_UNREACHABLE_CODE = YES;
				CLANG_WARN__DUPLICATE_METHOD_MATCH = YES;
				"CODE_SIGN_IDENTITY[sdk=iphoneos*]" = "iPhone Developer";
				COPY_PHASE_STRIP = NO;
				DEBUG_INFORMATION_FORMAT = dwarf;
				ENABLE_STRICT_OBJC_MSGSEND = YES;
				ENABLE_TESTABILITY = YES;
				GCC_C_LANGUAGE_STANDARD = gnu99;
				GCC_DYNAMIC_NO_PIC = NO;
				GCC_NO_COMMON_BLOCKS = YES;
				GCC_OPTIMIZATION_LEVEL = 0;
				GCC_PREPROCESSOR_DEFINITIONS = (
					"DEBUG=1",
					"$(inherited)",
				);
				GCC_WARN_64_TO_32_BIT_CONVERSION = YES;
				GCC_WARN_ABOUT_RETURN_TYPE = YES_ERROR;
				GCC_WARN_UNDECLARED_SELECTOR = YES;
				GCC_WARN_UNINITIALIZED_AUTOS = YES_AGGRESSIVE;
				GCC_WARN_UNUSED_FUNCTION = YES;
				GCC_WARN_UNUSED_VARIABLE = YES;
				IPHONEOS_DEPLOYMENT_TARGET = 10.2;
				MTL_ENABLE_DEBUG_INFO = YES;
				ONLY_ACTIVE_ARCH = YES;
				SDKROOT = iphoneos;
			};
			name = Debug;
		};
		B5BA36D11E1FEE1B0094EF95 /* Release */ = {
			isa = XCBuildConfiguration;
			buildSettings = {
				ALWAYS_SEARCH_USER_PATHS = NO;
				CLANG_ANALYZER_NONNULL = YES;
				CLANG_CXX_LANGUAGE_STANDARD = "gnu++0x";
				CLANG_CXX_LIBRARY = "libc++";
				CLANG_ENABLE_MODULES = YES;
				CLANG_ENABLE_OBJC_ARC = YES;
				CLANG_WARN_BOOL_CONVERSION = YES;
				CLANG_WARN_CONSTANT_CONVERSION = YES;
				CLANG_WARN_DIRECT_OBJC_ISA_USAGE = YES_ERROR;
				CLANG_WARN_DOCUMENTATION_COMMENTS = YES;
				CLANG_WARN_EMPTY_BODY = YES;
				CLANG_WARN_ENUM_CONVERSION = YES;
				CLANG_WARN_INFINITE_RECURSION = YES;
				CLANG_WARN_INT_CONVERSION = YES;
				CLANG_WARN_OBJC_ROOT_CLASS = YES_ERROR;
				CLANG_WARN_SUSPICIOUS_MOVE = YES;
				CLANG_WARN_UNREACHABLE_CODE = YES;
				CLANG_WARN__DUPLICATE_METHOD_MATCH = YES;
				"CODE_SIGN_IDENTITY[sdk=iphoneos*]" = "iPhone Developer";
				COPY_PHASE_STRIP = NO;
				DEBUG_INFORMATION_FORMAT = "dwarf-with-dsym";
				ENABLE_NS_ASSERTIONS = NO;
				ENABLE_STRICT_OBJC_MSGSEND = YES;
				GCC_C_LANGUAGE_STANDARD = gnu99;
				GCC_NO_COMMON_BLOCKS = YES;
				GCC_WARN_64_TO_32_BIT_CONVERSION = YES;
				GCC_WARN_ABOUT_RETURN_TYPE = YES_ERROR;
				GCC_WARN_UNDECLARED_SELECTOR = YES;
				GCC_WARN_UNINITIALIZED_AUTOS = YES_AGGRESSIVE;
				GCC_WARN_UNUSED_FUNCTION = YES;
				GCC_WARN_UNUSED_VARIABLE = YES;
				IPHONEOS_DEPLOYMENT_TARGET = 10.2;
				MTL_ENABLE_DEBUG_INFO = NO;
				SDKROOT = iphoneos;
				VALIDATE_PRODUCT = YES;
			};
			name = Release;
		};
		B5BA36D31E1FEE1B0094EF95 /* Debug */ = {
			isa = XCBuildConfiguration;
			buildSettings = {
				ASSETCATALOG_COMPILER_APPICON_NAME = AppIcon;
				DEVELOPMENT_TEAM = 7EQEQB7P2L;
				INFOPLIST_FILE = "bus-mapping/Info.plist";
				LD_RUNPATH_SEARCH_PATHS = "$(inherited) @executable_path/Frameworks";
				PRODUCT_BUNDLE_IDENTIFIER = "com.teamredhq.bus-mapping";
				PRODUCT_NAME = "$(TARGET_NAME)";
			};
			name = Debug;
		};
		B5BA36D41E1FEE1B0094EF95 /* Release */ = {
			isa = XCBuildConfiguration;
			buildSettings = {
				ASSETCATALOG_COMPILER_APPICON_NAME = AppIcon;
				DEVELOPMENT_TEAM = 7EQEQB7P2L;
				INFOPLIST_FILE = "bus-mapping/Info.plist";
				LD_RUNPATH_SEARCH_PATHS = "$(inherited) @executable_path/Frameworks";
				PRODUCT_BUNDLE_IDENTIFIER = "com.teamredhq.bus-mapping";
				PRODUCT_NAME = "$(TARGET_NAME)";
			};
			name = Release;
		};
/* End XCBuildConfiguration section */

/* Begin XCConfigurationList section */
		B5BA36B61E1FEE1B0094EF95 /* Build configuration list for PBXProject "bus-mapping" */ = {
			isa = XCConfigurationList;
			buildConfigurations = (
				B5BA36D01E1FEE1B0094EF95 /* Debug */,
				B5BA36D11E1FEE1B0094EF95 /* Release */,
			);
			defaultConfigurationIsVisible = 0;
			defaultConfigurationName = Release;
		};
		B5BA36D21E1FEE1B0094EF95 /* Build configuration list for PBXNativeTarget "bus-mapping" */ = {
			isa = XCConfigurationList;
			buildConfigurations = (
				B5BA36D31E1FEE1B0094EF95 /* Debug */,
				B5BA36D41E1FEE1B0094EF95 /* Release */,
			);
			defaultConfigurationIsVisible = 0;
		};
/* End XCConfigurationList section */
	};
	rootObject = B5BA36B31E1FEE1B0094EF95 /* Project object */;
}
